Microsoft Visual Studio Solution File, Format Version 12.00
# Visual Studio 2012
Project("{FAE04EC0-301F-11D3-BF4B-00C04F79EFBC}") = "Deadlock_Playground", "Deadlock_Playground.csproj", "{FD1DD71A-9716-4372-89A9-3C5D789B15B0}"
EndProject
Global
	GlobalSection(SolutionConfigurationPlatforms) = preSolution
	Debug|Any CPU = Debug|Any CPU
	ExportDebug|Any CPU = ExportDebug|Any CPU
	ExportRelease|Any CPU = ExportRelease|Any CPU
	EndGlobalSection
	GlobalSection(ProjectConfigurationPlatforms) = postSolution
		{FD1DD71A-9716-4372-89A9-3C5D789B15B0}.Debug|Any CPU.ActiveCfg = Debug|Any CPU
		{FD1DD71A-9716-4372-89A9-3C5D789B15B0}.Debug|Any CPU.Build.0 = Debug|Any CPU
		{FD1DD71A-9716-4372-89A9-3C5D789B15B0}.ExportDebug|Any CPU.ActiveCfg = ExportDebug|Any CPU
		{FD1DD71A-9716-4372-89A9-3C5D789B15B0}.ExportDebug|Any CPU.Build.0 = ExportDebug|Any CPU
		{FD1DD71A-9716-4372-89A9-3C5D789B15B0}.ExportRelease|Any CPU.ActiveCfg = ExportRelease|Any CPU
		{FD1DD71A-9716-4372-89A9-3C5D789B15B0}.ExportRelease|Any CPU.Build.0 = ExportRelease|Any CPU
	EndGlobalSection
EndGlobal
